PODS:
  - Flutter (1.0.0)
  - location_plugin (0.0.1):
    - Flutter

DEPENDENCIES:
  - Flutter (from `Flutter`)
  - location_plugin (from `.symlinks/plugins/location_plugin/ios`)

EXTERNAL SOURCES:
  Flutter:
    :path: Flutter
  location_plugin:
    :path: ".symlinks/plugins/location_plugin/ios"

SPEC CHECKSUMS:
  Flutter: 50d75fe2f02b26cc09d224853bb45737f8b3214a
  location_plugin: ac434857a305bf45c4f5fe8aca75c40f3ed4be47

PODFILE CHECKSUM: aafe91acc616949ddb318b77800a7f51bffa2a4c

COCOAPODS: 1.11.2
